
Microsoft Visual Studio Solution File, Format Version 12.00
# Visual Studio 15
VisualStudioVersion = 15.0.26730.15
MinimumVisualStudioVersion = 10.0.40219.1
Project("{FAE04EC0-301F-11D3-BF4B-00C04F79EFBC}") = "WebServer", "WebServer\WebServer.csproj", "{BAA02E12-CD69-42DD-96CD-5666AEEA7CDD}"
EndProject
Global
	GlobalSection(SolutionConfigurationPlatforms) = preSolution
		Debug|Any CPU = Debug|Any CPU
		Release|Any CPU = Release|Any CPU
	EndGlobalSection
	GlobalSection(ProjectConfigurationPlatforms) = postSolution
		{BAA02E12-CD69-42DD-96CD-5666AEEA7CDD}.Debug|Any CPU.ActiveCfg = Debug|Any CPU
		{BAA02E12-CD69-42DD-96CD-5666AEEA7CDD}.Debug|Any CPU.Build.0 = Debug|Any CPU
		{BAA02E12-CD69-42DD-96CD-5666AEEA7CDD}.Release|Any CPU.ActiveCfg = Release|Any CPU
		{BAA02E12-CD69-42DD-96CD-5666AEEA7CDD}.Release|Any CPU.Build.0 = Release|Any CPU
	EndGlobalSection
	GlobalSection(SolutionProperties) = preSolution
		HideSolutionNode = FALSE
	EndGlobalSection
	GlobalSection(ExtensibilityGlobals) = postSolution
		SolutionGuid = {6AC03CB3-1762-4236-8E0B-B7176947BF12}
	EndGlobalSection
EndGlobal
